
Microsoft Visual Studio Solution File, Format Version 12.00
# Visual Studio Version 16
VisualStudioVersion = 16.0.31229.75
MinimumVisualStudioVersion = 10.0.40219.1
Project("{9A19103F-16F7-4668-BE54-9A1E7A4F7556}") = "Cars.Api", "Cars.Api\Cars.Api.csproj", "{EB6166F3-716D-4AF1-B98A-CBC02DE888B8}"
EndProject
Project("{2150E333-8FDC-42A3-9474-1A3956D46DE8}") = "Application", "Application", "{2C108BB7-7917-47EC-9A1E-4E750DBB8A4F}"
EndProject
Project("{9A19103F-16F7-4668-BE54-9A1E7A4F7556}") = "Cars.Application", "Cars.Application\Cars.Application.csproj", "{37CBE64C-F430-4945-8CBE-734267021B1F}"
EndProject
Project("{2150E333-8FDC-42A3-9474-1A3956D46DE8}") = "Domain", "Domain", "{BB256B31-8D2A-49BC-898E-1620865B2EEA}"
EndProject
Project("{9A19103F-16F7-4668-BE54-9A1E7A4F7556}") = "Cars.Domain", "Car.Domain\Cars.Domain.csproj", "{D7F5372C-9B6A-4AEE-ADA5-74D730A377C9}"
EndProject
Project("{2150E333-8FDC-42A3-9474-1A3956D46DE8}") = "Infra", "Infra", "{7C9282BA-29FE-4606-B30B-20B2E5A1EE65}"
EndProject
Project("{2150E333-8FDC-42A3-9474-1A3956D46DE8}") = "Data", "Data", "{95F187CE-AAF8-4FE7-94D6-F2048D2CF837}"
EndProject
Project("{2150E333-8FDC-42A3-9474-1A3956D46DE8}") = "CrossCutting", "CrossCutting", "{6A6E53E6-A4E6-443D-9275-F1B1491BA44B}"
EndProject
Project("{2150E333-8FDC-42A3-9474-1A3956D46DE8}") = "Helper", "Helper", "{7E4DA677-ED2D-4BE8-A01A-300E42BB3AAE}"
EndProject
Project("{9A19103F-16F7-4668-BE54-9A1E7A4F7556}") = "Cars.Constant", "Car.Constant\Cars.Constant.csproj", "{44D05E68-A888-4FA9-89C7-30D9D26182F7}"
EndProject
Project("{9A19103F-16F7-4668-BE54-9A1E7A4F7556}") = "Cars.DomainHelper", "Car.DomainHelper\Cars.DomainHelper.csproj", "{BD3BA139-7203-4906-B0AE-ECD801AE5FF4}"
EndProject
Project("{9A19103F-16F7-4668-BE54-9A1E7A4F7556}") = "Cars.Infra.Data", "Cars.Infra.Data\Cars.Infra.Data.csproj", "{5D15108E-C075-4B1F-9D0F-B27666C8ABFB}"
EndProject
Project("{9A19103F-16F7-4668-BE54-9A1E7A4F7556}") = "Cars.Domain.Core", "Cars.Domain.Core\Cars.Domain.Core.csproj", "{E460994D-C2DC-43CA-B3A2-A8EEF255A940}"
EndProject
Project("{9A19103F-16F7-4668-BE54-9A1E7A4F7556}") = "Cars.Infra.CrossCutting.Identity", "Cars.Infra.CrossCutting.Identity\Cars.Infra.CrossCutting.Identity.csproj", "{7F237EBB-1CE7-493C-8DA3-F14266120C3B}"
EndProject
Project("{9A19103F-16F7-4668-BE54-9A1E7A4F7556}") = "Cars.Infra.CrossCutting.IoC", "Cars.Infra.CrossCutting.IoC\Cars.Infra.CrossCutting.IoC.csproj", "{F18F853B-A055-4162-A27B-B11488B19D10}"
EndProject
Project("{FAE04EC0-301F-11D3-BF4B-00C04F79EFBC}") = "Cars.Infra.CrossCutting.Bus", "Cars.Infra.CrossCutting.Bus\Cars.Infra.CrossCutting.Bus.csproj", "{C9BCCB48-9D07-4680-B796-198AFF0B63F0}"
EndProject
Global
	GlobalSection(SolutionConfigurationPlatforms) = preSolution
		Debug|Any CPU = Debug|Any CPU
		Release|Any CPU = Release|Any CPU
	EndGlobalSection
	GlobalSection(ProjectConfigurationPlatforms) = postSolution
		{EB6166F3-716D-4AF1-B98A-CBC02DE888B8}.Debug|Any CPU.ActiveCfg = Debug|Any CPU
		{EB6166F3-716D-4AF1-B98A-CBC02DE888B8}.Debug|Any CPU.Build.0 = Debug|Any CPU
		{EB6166F3-716D-4AF1-B98A-CBC02DE888B8}.Release|Any CPU.ActiveCfg = Release|Any CPU
		{EB6166F3-716D-4AF1-B98A-CBC02DE888B8}.Release|Any CPU.Build.0 = Release|Any CPU
		{37CBE64C-F430-4945-8CBE-734267021B1F}.Debug|Any CPU.ActiveCfg = Debug|Any CPU
		{37CBE64C-F430-4945-8CBE-734267021B1F}.Debug|Any CPU.Build.0 = Debug|Any CPU
		{37CBE64C-F430-4945-8CBE-734267021B1F}.Release|Any CPU.ActiveCfg = Release|Any CPU
		{37CBE64C-F430-4945-8CBE-734267021B1F}.Release|Any CPU.Build.0 = Release|Any CPU
		{D7F5372C-9B6A-4AEE-ADA5-74D730A377C9}.Debug|Any CPU.ActiveCfg = Debug|Any CPU
		{D7F5372C-9B6A-4AEE-ADA5-74D730A377C9}.Debug|Any CPU.Build.0 = Debug|Any CPU
		{D7F5372C-9B6A-4AEE-ADA5-74D730A377C9}.Release|Any CPU.ActiveCfg = Release|Any CPU
		{D7F5372C-9B6A-4AEE-ADA5-74D730A377C9}.Release|Any CPU.Build.0 = Release|Any CPU
		{44D05E68-A888-4FA9-89C7-30D9D26182F7}.Debug|Any CPU.ActiveCfg = Debug|Any CPU
		{44D05E68-A888-4FA9-89C7-30D9D26182F7}.Debug|Any CPU.Build.0 = Debug|Any CPU
		{44D05E68-A888-4FA9-89C7-30D9D26182F7}.Release|Any CPU.ActiveCfg = Release|Any CPU
		{44D05E68-A888-4FA9-89C7-30D9D26182F7}.Release|Any CPU.Build.0 = Release|Any CPU
		{BD3BA139-7203-4906-B0AE-ECD801AE5FF4}.Debug|Any CPU.ActiveCfg = Debug|Any CPU
		{BD3BA139-7203-4906-B0AE-ECD801AE5FF4}.Debug|Any CPU.Build.0 = Debug|Any CPU
		{BD3BA139-7203-4906-B0AE-ECD801AE5FF4}.Release|Any CPU.ActiveCfg = Release|Any CPU
		{BD3BA139-7203-4906-B0AE-ECD801AE5FF4}.Release|Any CPU.Build.0 = Release|Any CPU
		{5D15108E-C075-4B1F-9D0F-B27666C8ABFB}.Debug|Any CPU.ActiveCfg = Debug|Any CPU
		{5D15108E-C075-4B1F-9D0F-B27666C8ABFB}.Debug|Any CPU.Build.0 = Debug|Any CPU
		{5D15108E-C075-4B1F-9D0F-B27666C8ABFB}.Release|Any CPU.ActiveCfg = Release|Any CPU
		{5D15108E-C075-4B1F-9D0F-B27666C8ABFB}.Release|Any CPU.Build.0 = Release|Any CPU
		{E460994D-C2DC-43CA-B3A2-A8EEF255A940}.Debug|Any CPU.ActiveCfg = Debug|Any CPU
		{E460994D-C2DC-43CA-B3A2-A8EEF255A940}.Debug|Any CPU.Build.0 = Debug|Any CPU
		{E460994D-C2DC-43CA-B3A2-A8EEF255A940}.Release|Any CPU.ActiveCfg = Release|Any CPU
		{E460994D-C2DC-43CA-B3A2-A8EEF255A940}.Release|Any CPU.Build.0 = Release|Any CPU
		{7F237EBB-1CE7-493C-8DA3-F14266120C3B}.Debug|Any CPU.ActiveCfg = Debug|Any CPU
		{7F237EBB-1CE7-493C-8DA3-F14266120C3B}.Debug|Any CPU.Build.0 = Debug|Any CPU
		{7F237EBB-1CE7-493C-8DA3-F14266120C3B}.Release|Any CPU.ActiveCfg = Release|Any CPU
		{7F237EBB-1CE7-493C-8DA3-F14266120C3B}.Release|Any CPU.Build.0 = Release|Any CPU
		{F18F853B-A055-4162-A27B-B11488B19D10}.Debug|Any CPU.ActiveCfg = Debug|Any CPU
		{F18F853B-A055-4162-A27B-B11488B19D10}.Debug|Any CPU.Build.0 = Debug|Any CPU
		{F18F853B-A055-4162-A27B-B11488B19D10}.Release|Any CPU.ActiveCfg = Release|Any CPU
		{F18F853B-A055-4162-A27B-B11488B19D10}.Release|Any CPU.Build.0 = Release|Any CPU
		{C9BCCB48-9D07-4680-B796-198AFF0B63F0}.Debug|Any CPU.ActiveCfg = Debug|Any CPU
		{C9BCCB48-9D07-4680-B796-198AFF0B63F0}.Debug|Any CPU.Build.0 = Debug|Any CPU
		{C9BCCB48-9D07-4680-B796-198AFF0B63F0}.Release|Any CPU.ActiveCfg = Release|Any CPU
		{C9BCCB48-9D07-4680-B796-198AFF0B63F0}.Release|Any CPU.Build.0 = Release|Any CPU
	EndGlobalSection
	GlobalSection(SolutionProperties) = preSolution
		HideSolutionNode = FALSE
	EndGlobalSection
	GlobalSection(NestedProjects) = preSolution
		{37CBE64C-F430-4945-8CBE-734267021B1F} = {2C108BB7-7917-47EC-9A1E-4E750DBB8A4F}
		{D7F5372C-9B6A-4AEE-ADA5-74D730A377C9} = {BB256B31-8D2A-49BC-898E-1620865B2EEA}
		{95F187CE-AAF8-4FE7-94D6-F2048D2CF837} = {7C9282BA-29FE-4606-B30B-20B2E5A1EE65}
		{6A6E53E6-A4E6-443D-9275-F1B1491BA44B} = {7C9282BA-29FE-4606-B30B-20B2E5A1EE65}
		{44D05E68-A888-4FA9-89C7-30D9D26182F7} = {7E4DA677-ED2D-4BE8-A01A-300E42BB3AAE}
		{BD3BA139-7203-4906-B0AE-ECD801AE5FF4} = {7E4DA677-ED2D-4BE8-A01A-300E42BB3AAE}
		{5D15108E-C075-4B1F-9D0F-B27666C8ABFB} = {95F187CE-AAF8-4FE7-94D6-F2048D2CF837}
		{E460994D-C2DC-43CA-B3A2-A8EEF255A940} = {BB256B31-8D2A-49BC-898E-1620865B2EEA}
		{7F237EBB-1CE7-493C-8DA3-F14266120C3B} = {6A6E53E6-A4E6-443D-9275-F1B1491BA44B}
		{F18F853B-A055-4162-A27B-B11488B19D10} = {6A6E53E6-A4E6-443D-9275-F1B1491BA44B}
		{C9BCCB48-9D07-4680-B796-198AFF0B63F0} = {6A6E53E6-A4E6-443D-9275-F1B1491BA44B}
	EndGlobalSection
	GlobalSection(ExtensibilityGlobals) = postSolution
		SolutionGuid = {DA1D57D9-8508-46B8-877D-8D82940F5A2C}
	EndGlobalSection
EndGlobal
